
Microsoft Visual Studio Solution File, Format Version 12.00
# Visual Studio Version 16
VisualStudioVersion = 16.0.30804.86
MinimumVisualStudioVersion = 10.0.40219.1
Project("{9A19103F-16F7-4668-BE54-9A1E7A4F7556}") = "CarfoureProduct", "CarfoureProduct\CarfoureProduct.csproj", "{24814B7E-7569-41AE-B3A2-916C615CD257}"
EndProject
Project("{E53339B2-1760-4266-BCC7-CA923CBCF16C}") = "docker-compose", "docker-compose.dcproj", "{F5546CBB-B4AE-43C6-8A74-FD927EDE29B5}"
EndProject
Global
	GlobalSection(SolutionConfigurationPlatforms) = preSolution
		Debug|Any CPU = Debug|Any CPU
		Release|Any CPU = Release|Any CPU
	EndGlobalSection
	GlobalSection(ProjectConfigurationPlatforms) = postSolution
		{24814B7E-7569-41AE-B3A2-916C615CD257}.Debug|Any CPU.ActiveCfg = Debug|Any CPU
		{24814B7E-7569-41AE-B3A2-916C615CD257}.Debug|Any CPU.Build.0 = Debug|Any CPU
		{24814B7E-7569-41AE-B3A2-916C615CD257}.Release|Any CPU.ActiveCfg = Release|Any CPU
		{24814B7E-7569-41AE-B3A2-916C615CD257}.Release|Any CPU.Build.0 = Release|Any CPU
		{F5546CBB-B4AE-43C6-8A74-FD927EDE29B5}.Debug|Any CPU.ActiveCfg = Debug|Any CPU
		{F5546CBB-B4AE-43C6-8A74-FD927EDE29B5}.Debug|Any CPU.Build.0 = Debug|Any CPU
		{F5546CBB-B4AE-43C6-8A74-FD927EDE29B5}.Release|Any CPU.ActiveCfg = Release|Any CPU
		{F5546CBB-B4AE-43C6-8A74-FD927EDE29B5}.Release|Any CPU.Build.0 = Release|Any CPU
	EndGlobalSection
	GlobalSection(SolutionProperties) = preSolution
		HideSolutionNode = FALSE
	EndGlobalSection
	GlobalSection(ExtensibilityGlobals) = postSolution
		SolutionGuid = {3687D772-9790-4DE8-8792-C0B13D42DAA9}
	EndGlobalSection
EndGlobal
